// !$*UTF8*$!
{
	archiveVersion = 1;
	classes = {
	};
	objectVersion = 56;
	objects = {

/* Begin PBXBuildFile section */
		770F2DB629956D84005D8AAF /* AppDelegate.swift in Sources */ = {isa = PBXBuildFile; fileRef = 770F2DB529956D84005D8AAF /* AppDelegate.swift */; };
		770F2DB829956D84005D8AAF /* SceneDelegate.swift in Sources */ = {isa = PBXBuildFile; fileRef = 770F2DB729956D84005D8AAF /* SceneDelegate.swift */; };
		770F2DBA29956D84005D8AAF /* ConversationViewController.swift in Sources */ = {isa = PBXBuildFile; fileRef = 770F2DB929956D84005D8AAF /* ConversationViewController.swift */; };
		770F2DBD29956D84005D8AAF /* Main.storyboard in Resources */ = {isa = PBXBuildFile; fileRef = 770F2DBB29956D84005D8AAF /* Main.storyboard */; };
		770F2DBF29956D88005D8AAF /* Assets.xcassets in Resources */ = {isa = PBXBuildFile; fileRef = 770F2DBE29956D88005D8AAF /* Assets.xcassets */; };
		770F2DC229956D88005D8AAF /* LaunchScreen.storyboard in Resources */ = {isa = PBXBuildFile; fileRef = 770F2DC029956D88005D8AAF /* LaunchScreen.storyboard */; };
		770F2DD0299570B3005D8AAF /* LoginViewController.swift in Sources */ = {isa = PBXBuildFile; fileRef = 770F2DCF299570B3005D8AAF /* LoginViewController.swift */; };
		770F2DD2299570C6005D8AAF /* RegisterViewController.swift in Sources */ = {isa = PBXBuildFile; fileRef = 770F2DD1299570C6005D8AAF /* RegisterViewController.swift */; };
		770F2DD4299570EA005D8AAF /* PhotoViewerViewController.swift in Sources */ = {isa = PBXBuildFile; fileRef = 770F2DD3299570EA005D8AAF /* PhotoViewerViewController.swift */; };
		770F2DD6299570FF005D8AAF /* VideoPlayerViewController.swift in Sources */ = {isa = PBXBuildFile; fileRef = 770F2DD5299570FF005D8AAF /* VideoPlayerViewController.swift */; };
		770F2DD829957130005D8AAF /* NewConversationViewController.swift in Sources */ = {isa = PBXBuildFile; fileRef = 770F2DD729957130005D8AAF /* NewConversationViewController.swift */; };
		770F2DDA2995713F005D8AAF /* ProfileViewController.swift in Sources */ = {isa = PBXBuildFile; fileRef = 770F2DD92995713F005D8AAF /* ProfileViewController.swift */; };
		7787F93B299828B700E3C172 /* GoogleService-Info.plist in Resources */ = {isa = PBXBuildFile; fileRef = 7787F93A299828B600E3C172 /* GoogleService-Info.plist */; };
		77D2413F299948A8009ABAE4 /* DatabaseManager.swift in Sources */ = {isa = PBXBuildFile; fileRef = 77D2413E299948A8009ABAE4 /* DatabaseManager.swift */; };
		A666D32E8D3085AA71A4035B /* Pods_Messenger.framework in Frameworks */ = {isa = PBXBuildFile; fileRef = 2AB894972938A321C9B5B9B2 /* Pods_Messenger.framework */; };
/* End PBXBuildFile section */

/* Begin PBXFileReference section */
		2AB894972938A321C9B5B9B2 /* Pods_Messenger.framework */ = {isa = PBXFileReference; explicitFileType = wrapper.framework; includeInIndex = 0; path = Pods_Messenger.framework; sourceTree = BUILT_PRODUCTS_DIR; };
		4C385BD218838C3ED0A8D16A /* Pods-Messenger.debug.xcconfig */ = {isa = PBXFileReference; includeInIndex = 1; lastKnownFileType = text.xcconfig; name = "Pods-Messenger.debug.xcconfig"; path = "Target Support Files/Pods-Messenger/Pods-Messenger.debug.xcconfig"; sourceTree = "<group>"; };
		770F2DB229956D84005D8AAF /* Messenger.app */ = {isa = PBXFileReference; explicitFileType = wrapper.application; includeInIndex = 0; path = Messenger.app; sourceTree = BUILT_PRODUCTS_DIR; };
		770F2DB529956D84005D8AAF /* AppDelegate.swift */ = {isa = PBXFileReference; lastKnownFileType = sourcecode.swift; path = AppDelegate.swift; sourceTree = "<group>"; };
		770F2DB729956D84005D8AAF /* SceneDelegate.swift */ = {isa = PBXFileReference; lastKnownFileType = sourcecode.swift; path = SceneDelegate.swift; sourceTree = "<group>"; };
		770F2DB929956D84005D8AAF /* ConversationViewController.swift */ = {isa = PBXFileReference; lastKnownFileType = sourcecode.swift; path = ConversationViewController.swift; sourceTree = "<group>"; };
		770F2DBC29956D84005D8AAF /* Base */ = {isa = PBXFileReference; lastKnownFileType = file.storyboard; name = Base; path = Base.lproj/Main.storyboard; sourceTree = "<group>"; };
		770F2DBE29956D88005D8AAF /* Assets.xcassets */ = {isa = PBXFileReference; lastKnownFileType = folder.assetcatalog; path = Assets.xcassets; sourceTree = "<group>"; };
		770F2DC129956D88005D8AAF /* Base */ = {isa = PBXFileReference; lastKnownFileType = file.storyboard; name = Base; path = Base.lproj/LaunchScreen.storyboard; sourceTree = "<group>"; };
		770F2DC329956D88005D8AAF /* Info.plist */ = {isa = PBXFileReference; lastKnownFileType = text.plist.xml; path = Info.plist; sourceTree = "<group>"; };
		770F2DCF299570B3005D8AAF /* LoginViewController.swift */ = {isa = PBXFileReference; lastKnownFileType = sourcecode.swift; path = LoginViewController.swift; sourceTree = "<group>"; };
		770F2DD1299570C6005D8AAF /* RegisterViewController.swift */ = {isa = PBXFileReference; lastKnownFileType = sourcecode.swift; path = RegisterViewController.swift; sourceTree = "<group>"; };
		770F2DD3299570EA005D8AAF /* PhotoViewerViewController.swift */ = {isa = PBXFileReference; lastKnownFileType = sourcecode.swift; path = PhotoViewerViewController.swift; sourceTree = "<group>"; };
		770F2DD5299570FF005D8AAF /* VideoPlayerViewController.swift */ = {isa = PBXFileReference; lastKnownFileType = sourcecode.swift; path = VideoPlayerViewController.swift; sourceTree = "<group>"; };
		770F2DD729957130005D8AAF /* NewConversationViewController.swift */ = {isa = PBXFileReference; lastKnownFileType = sourcecode.swift; path = NewConversationViewController.swift; sourceTree = "<group>"; };
		770F2DD92995713F005D8AAF /* ProfileViewController.swift */ = {isa = PBXFileReference; lastKnownFileType = sourcecode.swift; path = ProfileViewController.swift; sourceTree = "<group>"; };
		7787F93A299828B600E3C172 /* GoogleService-Info.plist */ = {isa = PBXFileReference; fileEncoding = 4; lastKnownFileType = text.plist.xml; path = "GoogleService-Info.plist"; sourceTree = "<group>"; };
		77D2413E299948A8009ABAE4 /* DatabaseManager.swift */ = {isa = PBXFileReference; lastKnownFileType = sourcecode.swift; path = DatabaseManager.swift; sourceTree = "<group>"; };
		BCC5E7AC67DAF30C0E186BDE /* Pods-Messenger.release.xcconfig */ = {isa = PBXFileReference; includeInIndex = 1; lastKnownFileType = text.xcconfig; name = "Pods-Messenger.release.xcconfig"; path = "Target Support Files/Pods-Messenger/Pods-Messenger.release.xcconfig"; sourceTree = "<group>"; };
/* End PBXFileReference section */

/* Begin PBXFrameworksBuildPhase section */
		770F2DAF29956D84005D8AAF /* Frameworks */ = {
			isa = PBXFrameworksBuildPhase;
			buildActionMask = 2147483647;
			files = (
				A666D32E8D3085AA71A4035B /* Pods_Messenger.framework in Frameworks */,
			);
			runOnlyForDeploymentPostprocessing = 0;
		};
/* End PBXFrameworksBuildPhase section */

/* Begin PBXGroup section */
		19740EB3D098396F1B7AB811 /* Frameworks */ = {
			isa = PBXGroup;
			children = (
				2AB894972938A321C9B5B9B2 /* Pods_Messenger.framework */,
			);
			name = Frameworks;
			sourceTree = "<group>";
		};
		770F2DA929956D84005D8AAF = {
			isa = PBXGroup;
			children = (
				770F2DB429956D84005D8AAF /* Messenger */,
				770F2DB329956D84005D8AAF /* Products */,
				B51D3318F94DCF81E8DECAF1 /* Pods */,
				19740EB3D098396F1B7AB811 /* Frameworks */,
			);
			sourceTree = "<group>";
		};
		770F2DB329956D84005D8AAF /* Products */ = {
			isa = PBXGroup;
			children = (
				770F2DB229956D84005D8AAF /* Messenger.app */,
			);
			name = Products;
			sourceTree = "<group>";
		};
		770F2DB429956D84005D8AAF /* Messenger */ = {
			isa = PBXGroup;
			children = (
				7787F93A299828B600E3C172 /* GoogleService-Info.plist */,
				770F2DCD29956F45005D8AAF /* Resources */,
				770F2DCC29956F31005D8AAF /* ViewModels */,
				770F2DCB29956F2A005D8AAF /* Models */,
				770F2DCA29956F22005D8AAF /* Views */,
				770F2DC929956F1B005D8AAF /* Controllers */,
				770F2DC329956D88005D8AAF /* Info.plist */,
			);
			path = Messenger;
			sourceTree = "<group>";
		};
		770F2DC929956F1B005D8AAF /* Controllers */ = {
			isa = PBXGroup;
			children = (
				770F2DB929956D84005D8AAF /* ConversationViewController.swift */,
				770F2DDB299572A2005D8AAF /* Login */,
				770F2DD3299570EA005D8AAF /* PhotoViewerViewController.swift */,
				770F2DD5299570FF005D8AAF /* VideoPlayerViewController.swift */,
				770F2DD729957130005D8AAF /* NewConversationViewController.swift */,
				770F2DD92995713F005D8AAF /* ProfileViewController.swift */,
			);
			path = Controllers;
			sourceTree = "<group>";
		};
		770F2DCA29956F22005D8AAF /* Views */ = {
			isa = PBXGroup;
			children = (
				770F2DCE29956F88005D8AAF /* Storyboards */,
				770F2DBE29956D88005D8AAF /* Assets.xcassets */,
			);
			path = Views;
			sourceTree = "<group>";
		};
		770F2DCB29956F2A005D8AAF /* Models */ = {
			isa = PBXGroup;
			children = (
			);
			path = Models;
			sourceTree = "<group>";
		};
		770F2DCC29956F31005D8AAF /* ViewModels */ = {
			isa = PBXGroup;
			children = (
			);
			path = ViewModels;
			sourceTree = "<group>";
		};
		770F2DCD29956F45005D8AAF /* Resources */ = {
			isa = PBXGroup;
			children = (
				770F2DB529956D84005D8AAF /* AppDelegate.swift */,
				770F2DB729956D84005D8AAF /* SceneDelegate.swift */,
				77D2413E299948A8009ABAE4 /* DatabaseManager.swift */,
			);
			path = Resources;
			sourceTree = "<group>";
		};
		770F2DCE29956F88005D8AAF /* Storyboards */ = {
			isa = PBXGroup;
			children = (
				770F2DBB29956D84005D8AAF /* Main.storyboard */,
				770F2DC029956D88005D8AAF /* LaunchScreen.storyboard */,
			);
			path = Storyboards;
			sourceTree = "<group>";
		};
		770F2DDB299572A2005D8AAF /* Login */ = {
			isa = PBXGroup;
			children = (
				770F2DCF299570B3005D8AAF /* LoginViewController.swift */,
				770F2DD1299570C6005D8AAF /* RegisterViewController.swift */,
			);
			path = Login;
			sourceTree = "<group>";
		};
		B51D3318F94DCF81E8DECAF1 /* Pods */ = {
			isa = PBXGroup;
			children = (
				4C385BD218838C3ED0A8D16A /* Pods-Messenger.debug.xcconfig */,
				BCC5E7AC67DAF30C0E186BDE /* Pods-Messenger.release.xcconfig */,
			);
			path = Pods;
			sourceTree = "<group>";
		};
/* End PBXGroup section */

/* Begin PBXNativeTarget section */
		770F2DB129956D84005D8AAF /* Messenger */ = {
			isa = PBXNativeTarget;
			buildConfigurationList = 770F2DC629956D88005D8AAF /* Build configuration list for PBXNativeTarget "Messenger" */;
			buildPhases = (
				8879BBF12D6BAA97EF84A835 /* [CP] Check Pods Manifest.lock */,
				770F2DAE29956D84005D8AAF /* Sources */,
				770F2DAF29956D84005D8AAF /* Frameworks */,
				770F2DB029956D84005D8AAF /* Resources */,
				E1DEA9378AD7E4E3021932F4 /* [CP] Embed Pods Frameworks */,
			);
			buildRules = (
			);
			dependencies = (
			);
			name = Messenger;
			productName = Messenger;
			productReference = 770F2DB229956D84005D8AAF /* Messenger.app */;
			productType = "com.apple.product-type.application";
		};
/* End PBXNativeTarget section */

/* Begin PBXProject section */
		770F2DAA29956D84005D8AAF /* Project object */ = {
			isa = PBXProject;
			attributes = {
				BuildIndependentTargetsInParallel = 1;
				LastSwiftUpdateCheck = 1420;
				LastUpgradeCheck = 1420;
				TargetAttributes = {
					770F2DB129956D84005D8AAF = {
						CreatedOnToolsVersion = 14.2;
					};
				};
			};
			buildConfigurationList = 770F2DAD29956D84005D8AAF /* Build configuration list for PBXProject "Messenger" */;
			compatibilityVersion = "Xcode 14.0";
			developmentRegion = en;
			hasScannedForEncodings = 0;
			knownRegions = (
				en,
				Base,
			);
			mainGroup = 770F2DA929956D84005D8AAF;
			productRefGroup = 770F2DB329956D84005D8AAF /* Products */;
			projectDirPath = "";
			projectRoot = "";
			targets = (
				770F2DB129956D84005D8AAF /* Messenger */,
			);
		};
/* End PBXProject section */

/* Begin PBXResourcesBuildPhase section */
		770F2DB029956D84005D8AAF /* Resources */ = {
			isa = PBXResourcesBuildPhase;
			buildActionMask = 2147483647;
			files = (
				770F2DC229956D88005D8AAF /* LaunchScreen.storyboard in Resources */,
				7787F93B299828B700E3C172 /* GoogleService-Info.plist in Resources */,
				770F2DBF29956D88005D8AAF /* Assets.xcassets in Resources */,
				770F2DBD29956D84005D8AAF /* Main.storyboard in Resources */,
			);
			runOnlyForDeploymentPostprocessing = 0;
		};
/* End PBXResourcesBuildPhase section */

/* Begin PBXShellScriptBuildPhase section */
		8879BBF12D6BAA97EF84A835 /* [CP] Check Pods Manifest.lock */ = {
			isa = PBXShellScriptBuildPhase;
			buildActionMask = 2147483647;
			files = (
			);
			inputFileListPaths = (
			);
			inputPaths = (
				"${PODS_PODFILE_DIR_PATH}/Podfile.lock",
				"${PODS_ROOT}/Manifest.lock",
			);
			name = "[CP] Check Pods Manifest.lock";
			outputFileListPaths = (
			);
			outputPaths = (
				"$(DERIVED_FILE_DIR)/Pods-Messenger-checkManifestLockResult.txt",
			);
			runOnlyForDeploymentPostprocessing = 0;
			shellPath = /bin/sh;
			shellScript = "diff \"${PODS_PODFILE_DIR_PATH}/Podfile.lock\" \"${PODS_ROOT}/Manifest.lock\" > /dev/null\nif [ $? != 0 ] ; then\n    # print error to STDERR\n    echo \"error: The sandbox is not in sync with the Podfile.lock. Run 'pod install' or update your CocoaPods installation.\" >&2\n    exit 1\nfi\n# This output is used by Xcode 'outputs' to avoid re-running this script phase.\necho \"SUCCESS\" > \"${SCRIPT_OUTPUT_FILE_0}\"\n";
			showEnvVarsInLog = 0;
		};
		E1DEA9378AD7E4E3021932F4 /* [CP] Embed Pods Frameworks */ = {
			isa = PBXShellScriptBuildPhase;
			buildActionMask = 2147483647;
			files = (
			);
			inputFileListPaths = (
				"${PODS_ROOT}/Target Support Files/Pods-Messenger/Pods-Messenger-frameworks-${CONFIGURATION}-input-files.xcfilelist",
			);
			name = "[CP] Embed Pods Frameworks";
			outputFileListPaths = (
				"${PODS_ROOT}/Target Support Files/Pods-Messenger/Pods-Messenger-frameworks-${CONFIGURATION}-output-files.xcfilelist",
			);
			runOnlyForDeploymentPostprocessing = 0;
			shellPath = /bin/sh;
			shellScript = "\"${PODS_ROOT}/Target Support Files/Pods-Messenger/Pods-Messenger-frameworks.sh\"\n";
			showEnvVarsInLog = 0;
		};
/* End PBXShellScriptBuildPhase section */

/* Begin PBXSourcesBuildPhase section */
		770F2DAE29956D84005D8AAF /* Sources */ = {
			isa = PBXSourcesBuildPhase;
			buildActionMask = 2147483647;
			files = (
				770F2DD0299570B3005D8AAF /* LoginViewController.swift in Sources */,
				770F2DD2299570C6005D8AAF /* RegisterViewController.swift in Sources */,
				77D2413F299948A8009ABAE4 /* DatabaseManager.swift in Sources */,
				770F2DD829957130005D8AAF /* NewConversationViewController.swift in Sources */,
				770F2DBA29956D84005D8AAF /* ConversationViewController.swift in Sources */,
				770F2DD6299570FF005D8AAF /* VideoPlayerViewController.swift in Sources */,
				770F2DB629956D84005D8AAF /* AppDelegate.swift in Sources */,
				770F2DDA2995713F005D8AAF /* ProfileViewController.swift in Sources */,
				770F2DB829956D84005D8AAF /* SceneDelegate.swift in Sources */,
				770F2DD4299570EA005D8AAF /* PhotoViewerViewController.swift in Sources */,
			);
			runOnlyForDeploymentPostprocessing = 0;
		};
/* End PBXSourcesBuildPhase section */

/* Begin PBXVariantGroup section */
		770F2DBB29956D84005D8AAF /* Main.storyboard */ = {
			isa = PBXVariantGroup;
			children = (
				770F2DBC29956D84005D8AAF /* Base */,
			);
			name = Main.storyboard;
			sourceTree = "<group>";
		};
		770F2DC029956D88005D8AAF /* LaunchScreen.storyboard */ = {
			isa = PBXVariantGroup;
			children = (
				770F2DC129956D88005D8AAF /* Base */,
			);
			name = LaunchScreen.storyboard;
			sourceTree = "<group>";
		};
/* End PBXVariantGroup section */

/* Begin XCBuildConfiguration section */
		770F2DC429956D88005D8AAF /* Debug */ = {
			isa = XCBuildConfiguration;
			buildSettings = {
				ALWAYS_SEARCH_USER_PATHS = NO;
				CLANG_ANALYZER_NONNULL = YES;
				CLANG_ANALYZER_NUMBER_OBJECT_CONVERSION = YES_AGGRESSIVE;
				CLANG_CXX_LANGUAGE_STANDARD = "gnu++20";
				CLANG_ENABLE_MODULES = YES;
				CLANG_ENABLE_OBJC_ARC = YES;
				CLANG_ENABLE_OBJC_WEAK = YES;
				CLANG_WARN_BLOCK_CAPTURE_AUTORELEASING = YES;
				CLANG_WARN_BOOL_CONVERSION = YES;
				CLANG_WARN_COMMA = YES;
				CLANG_WARN_CONSTANT_CONVERSION = YES;
				CLANG_WARN_DEPRECATED_OBJC_IMPLEMENTATIONS = YES;
				CLANG_WARN_DIRECT_OBJC_ISA_USAGE = YES_ERROR;
				CLANG_WARN_DOCUMENTATION_COMMENTS = YES;
				CLANG_WARN_EMPTY_BODY = YES;
				CLANG_WARN_ENUM_CONVERSION = YES;
				CLANG_WARN_INFINITE_RECURSION = YES;
				CLANG_WARN_INT_CONVERSION = YES;
				CLANG_WARN_NON_LITERAL_NULL_CONVERSION = YES;
				CLANG_WARN_OBJC_IMPLICIT_RETAIN_SELF = YES;
				CLANG_WARN_OBJC_LITERAL_CONVERSION = YES;
				CLANG_WARN_OBJC_ROOT_CLASS = YES_ERROR;
				CLANG_WARN_QUOTED_INCLUDE_IN_FRAMEWORK_HEADER = YES;
				CLANG_WARN_RANGE_LOOP_ANALYSIS = YES;
				CLANG_WARN_STRICT_PROTOTYPES = YES;
				CLANG_WARN_SUSPICIOUS_MOVE = YES;
				CLANG_WARN_UNGUARDED_AVAILABILITY = YES_AGGRESSIVE;
				CLANG_WARN_UNREACHABLE_CODE = YES;
				CLANG_WARN__DUPLICATE_METHOD_MATCH = YES;
				COPY_PHASE_STRIP = NO;
				DEBUG_INFORMATION_FORMAT = dwarf;
				ENABLE_STRICT_OBJC_MSGSEND = YES;
				ENABLE_TESTABILITY = YES;
				GCC_C_LANGUAGE_STANDARD = gnu11;
				GCC_DYNAMIC_NO_PIC = NO;
				GCC_NO_COMMON_BLOCKS = YES;
				GCC_OPTIMIZATION_LEVEL = 0;
				GCC_PREPROCESSOR_DEFINITIONS = (
					"DEBUG=1",
					"$(inherited)",
				);
				GCC_WARN_64_TO_32_BIT_CONVERSION = YES;
				GCC_WARN_ABOUT_RETURN_TYPE = YES_ERROR;
				GCC_WARN_UNDECLARED_SELECTOR = YES;
				GCC_WARN_UNINITIALIZED_AUTOS = YES_AGGRESSIVE;
				GCC_WARN_UNUSED_FUNCTION = YES;
				GCC_WARN_UNUSED_VARIABLE = YES;
				IPHONEOS_DEPLOYMENT_TARGET = 16.2;
				MTL_ENABLE_DEBUG_INFO = INCLUDE_SOURCE;
				MTL_FAST_MATH = YES;
				ONLY_ACTIVE_ARCH = YES;
				SDKROOT = iphoneos;
				SWIFT_ACTIVE_COMPILATION_CONDITIONS = DEBUG;
				SWIFT_OPTIMIZATION_LEVEL = "-Onone";
			};
			name = Debug;
		};
		770F2DC529956D88005D8AAF /* Release */ = {
			isa = XCBuildConfiguration;
			buildSettings = {
				ALWAYS_SEARCH_USER_PATHS = NO;
				CLANG_ANALYZER_NONNULL = YES;
				CLANG_ANALYZER_NUMBER_OBJECT_CONVERSION = YES_AGGRESSIVE;
				CLANG_CXX_LANGUAGE_STANDARD = "gnu++20";
				CLANG_ENABLE_MODULES = YES;
				CLANG_ENABLE_OBJC_ARC = YES;
				CLANG_ENABLE_OBJC_WEAK = YES;
				CLANG_WARN_BLOCK_CAPTURE_AUTORELEASING = YES;
				CLANG_WARN_BOOL_CONVERSION = YES;
				CLANG_WARN_COMMA = YES;
				CLANG_WARN_CONSTANT_CONVERSION = YES;
				CLANG_WARN_DEPRECATED_OBJC_IMPLEMENTATIONS = YES;
				CLANG_WARN_DIRECT_OBJC_ISA_USAGE = YES_ERROR;
				CLANG_WARN_DOCUMENTATION_COMMENTS = YES;
				CLANG_WARN_EMPTY_BODY = YES;
				CLANG_WARN_ENUM_CONVERSION = YES;
				CLANG_WARN_INFINITE_RECURSION = YES;
				CLANG_WARN_INT_CONVERSION = YES;
				CLANG_WARN_NON_LITERAL_NULL_CONVERSION = YES;
				CLANG_WARN_OBJC_IMPLICIT_RETAIN_SELF = YES;
				CLANG_WARN_OBJC_LITERAL_CONVERSION = YES;
				CLANG_WARN_OBJC_ROOT_CLASS = YES_ERROR;
				CLANG_WARN_QUOTED_INCLUDE_IN_FRAMEWORK_HEADER = YES;
				CLANG_WARN_RANGE_LOOP_ANALYSIS = YES;
				CLANG_WARN_STRICT_PROTOTYPES = YES;
				CLANG_WARN_SUSPICIOUS_MOVE = YES;
				CLANG_WARN_UNGUARDED_AVAILABILITY = YES_AGGRESSIVE;
				CLANG_WARN_UNREACHABLE_CODE = YES;
				CLANG_WARN__DUPLICATE_METHOD_MATCH = YES;
				COPY_PHASE_STRIP = NO;
				DEBUG_INFORMATION_FORMAT = "dwarf-with-dsym";
				ENABLE_NS_ASSERTIONS = NO;
				ENABLE_STRICT_OBJC_MSGSEND = YES;
				GCC_C_LANGUAGE_STANDARD = gnu11;
				GCC_NO_COMMON_BLOCKS = YES;
				GCC_WARN_64_TO_32_BIT_CONVERSION = YES;
				GCC_WARN_ABOUT_RETURN_TYPE = YES_ERROR;
				GCC_WARN_UNDECLARED_SELECTOR = YES;
				GCC_WARN_UNINITIALIZED_AUTOS = YES_AGGRESSIVE;
				GCC_WARN_UNUSED_FUNCTION = YES;
				GCC_WARN_UNUSED_VARIABLE = YES;
				IPHONEOS_DEPLOYMENT_TARGET = 16.2;
				MTL_ENABLE_DEBUG_INFO = NO;
				MTL_FAST_MATH = YES;
				SDKROOT = iphoneos;
				SWIFT_COMPILATION_MODE = wholemodule;
				SWIFT_OPTIMIZATION_LEVEL = "-O";
				VALIDATE_PRODUCT = YES;
			};
			name = Release;
		};
		770F2DC729956D88005D8AAF /* Debug */ = {
			isa = XCBuildConfiguration;
			baseConfigurationReference = 4C385BD218838C3ED0A8D16A /* Pods-Messenger.debug.xcconfig */;
			buildSettings = {
				ASSETCATALOG_COMPILER_APPICON_NAME = AppIcon;
				ASSETCATALOG_COMPILER_GLOBAL_ACCENT_COLOR_NAME = AccentColor;
				CODE_SIGN_STYLE = Automatic;
				CURRENT_PROJECT_VERSION = 1;
				DEVELOPMENT_TEAM = 4NS32DZ25C;
				GENERATE_INFOPLIST_FILE = YES;
				INFOPLIST_FILE = Messenger/Info.plist;
				INFOPLIST_KEY_NSCameraUsageDescription = "Please allow access to take a profile picture";
				INFOPLIST_KEY_NSPhotoLibraryAddUsageDescription = "Please allow access to select a photo for your profile";
				INFOPLIST_KEY_UIApplicationSupportsIndirectInputEvents = YES;
				INFOPLIST_KEY_UILaunchStoryboardName = LaunchScreen;
				INFOPLIST_KEY_UIMainStoryboardFile = Main;
				INFOPLIST_KEY_UISupportedInterfaceOrientations = UIInterfaceOrientationPortrait;
				INFOPLIST_KEY_UISupportedInterfaceOrientations_iPad = "UIInterfaceOrientationLandscapeLeft UIInterfaceOrientationLandscapeRight UIInterfaceOrientationPortrait UIInterfaceOrientationPortraitUpsideDown";
				IPHONEOS_DEPLOYMENT_TARGET = 13.5;
				LD_RUNPATH_SEARCH_PATHS = (
					"$(inherited)",
					"@executable_path/Frameworks",
				);
				MARKETING_VERSION = 1.0;
				PRODUCT_BUNDLE_IDENTIFIER = andeoff.Messenger;
				PRODUCT_NAME = "$(TARGET_NAME)";
				SUPPORTED_PLATFORMS = "iphoneos iphonesimulator";
				SUPPORTS_MACCATALYST = NO;
				SUPPORTS_MAC_DESIGNED_FOR_IPHONE_IPAD = NO;
				SWIFT_EMIT_LOC_STRINGS = YES;
				SWIFT_VERSION = 5.0;
				TARGETED_DEVICE_FAMILY = 1;
			};
			name = Debug;
		};
		770F2DC829956D88005D8AAF /* Release */ = {
			isa = XCBuildConfiguration;
			baseConfigurationReference = BCC5E7AC67DAF30C0E186BDE /* Pods-Messenger.release.xcconfig */;
			buildSettings = {
				ASSETCATALOG_COMPILER_APPICON_NAME = AppIcon;
				ASSETCATALOG_COMPILER_GLOBAL_ACCENT_COLOR_NAME = AccentColor;
				CODE_SIGN_STYLE = Automatic;
				CURRENT_PROJECT_VERSION = 1;
				DEVELOPMENT_TEAM = 4NS32DZ25C;
				GENERATE_INFOPLIST_FILE = YES;
				INFOPLIST_FILE = Messenger/Info.plist;
				INFOPLIST_KEY_NSCameraUsageDescription = "Please allow access to take a profile picture";
				INFOPLIST_KEY_NSPhotoLibraryAddUsageDescription = "Please allow access to select a photo for your profile";
				INFOPLIST_KEY_UIApplicationSupportsIndirectInputEvents = YES;
				INFOPLIST_KEY_UILaunchStoryboardName = LaunchScreen;
				INFOPLIST_KEY_UIMainStoryboardFile = Main;
				INFOPLIST_KEY_UISupportedInterfaceOrientations = UIInterfaceOrientationPortrait;
				INFOPLIST_KEY_UISupportedInterfaceOrientations_iPad = "UIInterfaceOrientationLandscapeLeft UIInterfaceOrientationLandscapeRight UIInterfaceOrientationPortrait UIInterfaceOrientationPortraitUpsideDown";
				IPHONEOS_DEPLOYMENT_TARGET = 13.5;
				LD_RUNPATH_SEARCH_PATHS = (
					"$(inherited)",
					"@executable_path/Frameworks",
				);
				MARKETING_VERSION = 1.0;
				PRODUCT_BUNDLE_IDENTIFIER = andeoff.Messenger;
				PRODUCT_NAME = "$(TARGET_NAME)";
				SUPPORTED_PLATFORMS = "iphoneos iphonesimulator";
				SUPPORTS_MACCATALYST = NO;
				SUPPORTS_MAC_DESIGNED_FOR_IPHONE_IPAD = NO;
				SWIFT_EMIT_LOC_STRINGS = YES;
				SWIFT_VERSION = 5.0;
				TARGETED_DEVICE_FAMILY = 1;
			};
			name = Release;
		};
/* End XCBuildConfiguration section */

/* Begin XCConfigurationList section */
		770F2DAD29956D84005D8AAF /* Build configuration list for PBXProject "Messenger" */ = {
			isa = XCConfigurationList;
			buildConfigurations = (
				770F2DC429956D88005D8AAF /* Debug */,
				770F2DC529956D88005D8AAF /* Release */,
			);
			defaultConfigurationIsVisible = 0;
			defaultConfigurationName = Release;
		};
		770F2DC629956D88005D8AAF /* Build configuration list for PBXNativeTarget "Messenger" */ = {
			isa = XCConfigurationList;
			buildConfigurations = (
				770F2DC729956D88005D8AAF /* Debug */,
				770F2DC829956D88005D8AAF /* Release */,
			);
			defaultConfigurationIsVisible = 0;
			defaultConfigurationName = Release;
		};
/* End XCConfigurationList section */
	};
	rootObject = 770F2DAA29956D84005D8AAF /* Project object */;
}
